
Microsoft Visual Studio Solution File, Format Version 12.00
# Visual Studio Version 17
VisualStudioVersion = 17.14.36221.1
MinimumVisualStudioVersion = 10.0.40219.1
Project("{2150E333-8FDC-42A3-9474-1A3956D46DE8}") = "Authservices", "Authservices", "{02EA681E-C7D8-13C7-8484-4AC65E1B71E8}"
EndProject
Project("{FAE04EC0-301F-11D3-BF4B-00C04F79EFBC}") = "Auth.API", "Auth.API\Auth.API.csproj", "{ABCC4F98-5E29-4137-8826-62140F378F0D}"
EndProject
Project("{FAE04EC0-301F-11D3-BF4B-00C04F79EFBC}") = "Auth.Application", "Auth.Application\Auth.Application.csproj", "{68819966-7FA8-4459-9BE5-786D59296829}"
EndProject
Project("{FAE04EC0-301F-11D3-BF4B-00C04F79EFBC}") = "Auth.Domain", "Auth.Domain\Auth.Domain.csproj", "{42D78FE6-71F3-48A2-A6E3-47626F44D316}"
EndProject
Project("{FAE04EC0-301F-11D3-BF4B-00C04F79EFBC}") = "Auth.Infrastructure", "Auth.Infrastructure\Auth.Infrastructure.csproj", "{BC6B4F94-770E-483E-83BF-34FF4515239C}"
EndProject
Project("{2150E333-8FDC-42A3-9474-1A3956D46DE8}") = "ApiGateway", "ApiGateway", "{B4C326F5-245C-418D-B0CB-4587269D264C}"
EndProject
Project("{FAE04EC0-301F-11D3-BF4B-00C04F79EFBC}") = "ApiGateway", "ApiGateway\ApiGateway\ApiGateway.csproj", "{E383A1BC-29B1-4AB4-A17D-A85EDDBF9311}"
EndProject
Project("{2150E333-8FDC-42A3-9474-1A3956D46DE8}") = "Expenseservice", "Expenseservice", "{3BD9078E-65B3-4320-B3A1-700F2B052165}"
EndProject
Project("{FAE04EC0-301F-11D3-BF4B-00C04F79EFBC}") = "Expense.Domain", "Expense.Domain\Expense.Domain.csproj", "{ED03D4D6-23DA-4C64-89E5-579E0608EC33}"
EndProject
Project("{FAE04EC0-301F-11D3-BF4B-00C04F79EFBC}") = "Expense.API", "Expense.API\Expense.API.csproj", "{A4A96917-22BA-4F92-BA81-D90E935D7C83}"
EndProject
Project("{FAE04EC0-301F-11D3-BF4B-00C04F79EFBC}") = "Expense.Infrastructure", "Expense.Infrastructure\Expense.Infrastructure.csproj", "{F2072ED0-2B5E-4401-8BDD-E49DDC2E8AB0}"
EndProject
Project("{FAE04EC0-301F-11D3-BF4B-00C04F79EFBC}") = "Expense.Application", "Expense.Application\Expense.Application.csproj", "{EF12FC1B-6A5E-40E9-9018-D9FD7848DDAB}"
EndProject
Project("{2150E333-8FDC-42A3-9474-1A3956D46DE8}") = "Notificationservice", "Notificationservice", "{30C33B38-7ED3-4BD9-A537-0B9BF62D1962}"
EndProject
Project("{FAE04EC0-301F-11D3-BF4B-00C04F79EFBC}") = "Notification.API", "Notification.API\Notification.API.csproj", "{40C268A6-9CD9-4F1F-9A98-ADD37BCC88F1}"
EndProject
Project("{2150E333-8FDC-42A3-9474-1A3956D46DE8}") = "Reportservice", "Reportservice", "{FDFE7332-6C82-4ACF-BE01-A20F6ED04318}"
EndProject
Project("{FAE04EC0-301F-11D3-BF4B-00C04F79EFBC}") = "Report.API", "Report.API\Report.API.csproj", "{F10C79F2-D1B8-42C0-B675-7D4CB42E6C11}"
EndProject
Project("{2150E333-8FDC-42A3-9474-1A3956D46DE8}") = "Budgetservice", "Budgetservice", "{61097173-D97F-448B-BB27-F404BD26454F}"
EndProject
Project("{FAE04EC0-301F-11D3-BF4B-00C04F79EFBC}") = "Budget.API", "Budget.API\Budget.API.csproj", "{CE574737-AD0B-4F5A-B31B-419EEB13859C}"
EndProject
Global
	GlobalSection(SolutionConfigurationPlatforms) = preSolution
		Debug|Any CPU = Debug|Any CPU
		Debug|x64 = Debug|x64
		Debug|x86 = Debug|x86
		Release|Any CPU = Release|Any CPU
		Release|x64 = Release|x64
		Release|x86 = Release|x86
	EndGlobalSection
	GlobalSection(ProjectConfigurationPlatforms) = postSolution
		{ABCC4F98-5E29-4137-8826-62140F378F0D}.Debug|Any CPU.ActiveCfg = Debug|Any CPU
		{ABCC4F98-5E29-4137-8826-62140F378F0D}.Debug|Any CPU.Build.0 = Debug|Any CPU
		{ABCC4F98-5E29-4137-8826-62140F378F0D}.Debug|x64.ActiveCfg = Debug|Any CPU
		{ABCC4F98-5E29-4137-8826-62140F378F0D}.Debug|x64.Build.0 = Debug|Any CPU
		{ABCC4F98-5E29-4137-8826-62140F378F0D}.Debug|x86.ActiveCfg = Debug|Any CPU
		{ABCC4F98-5E29-4137-8826-62140F378F0D}.Debug|x86.Build.0 = Debug|Any CPU
		{ABCC4F98-5E29-4137-8826-62140F378F0D}.Release|Any CPU.ActiveCfg = Release|Any CPU
		{ABCC4F98-5E29-4137-8826-62140F378F0D}.Release|Any CPU.Build.0 = Release|Any CPU
		{ABCC4F98-5E29-4137-8826-62140F378F0D}.Release|x64.ActiveCfg = Release|Any CPU
		{ABCC4F98-5E29-4137-8826-62140F378F0D}.Release|x64.Build.0 = Release|Any CPU
		{ABCC4F98-5E29-4137-8826-62140F378F0D}.Release|x86.ActiveCfg = Release|Any CPU
		{ABCC4F98-5E29-4137-8826-62140F378F0D}.Release|x86.Build.0 = Release|Any CPU
		{68819966-7FA8-4459-9BE5-786D59296829}.Debug|Any CPU.ActiveCfg = Debug|Any CPU
		{68819966-7FA8-4459-9BE5-786D59296829}.Debug|Any CPU.Build.0 = Debug|Any CPU
		{68819966-7FA8-4459-9BE5-786D59296829}.Debug|x64.ActiveCfg = Debug|Any CPU
		{68819966-7FA8-4459-9BE5-786D59296829}.Debug|x64.Build.0 = Debug|Any CPU
		{68819966-7FA8-4459-9BE5-786D59296829}.Debug|x86.ActiveCfg = Debug|Any CPU
		{68819966-7FA8-4459-9BE5-786D59296829}.Debug|x86.Build.0 = Debug|Any CPU
		{68819966-7FA8-4459-9BE5-786D59296829}.Release|Any CPU.ActiveCfg = Release|Any CPU
		{68819966-7FA8-4459-9BE5-786D59296829}.Release|Any CPU.Build.0 = Release|Any CPU
		{68819966-7FA8-4459-9BE5-786D59296829}.Release|x64.ActiveCfg = Release|Any CPU
		{68819966-7FA8-4459-9BE5-786D59296829}.Release|x64.Build.0 = Release|Any CPU
		{68819966-7FA8-4459-9BE5-786D59296829}.Release|x86.ActiveCfg = Release|Any CPU
		{68819966-7FA8-4459-9BE5-786D59296829}.Release|x86.Build.0 = Release|Any CPU
		{42D78FE6-71F3-48A2-A6E3-47626F44D316}.Debug|Any CPU.ActiveCfg = Debug|Any CPU
		{42D78FE6-71F3-48A2-A6E3-47626F44D316}.Debug|Any CPU.Build.0 = Debug|Any CPU
		{42D78FE6-71F3-48A2-A6E3-47626F44D316}.Debug|x64.ActiveCfg = Debug|Any CPU
		{42D78FE6-71F3-48A2-A6E3-47626F44D316}.Debug|x64.Build.0 = Debug|Any CPU
		{42D78FE6-71F3-48A2-A6E3-47626F44D316}.Debug|x86.ActiveCfg = Debug|Any CPU
		{42D78FE6-71F3-48A2-A6E3-47626F44D316}.Debug|x86.Build.0 = Debug|Any CPU
		{42D78FE6-71F3-48A2-A6E3-47626F44D316}.Release|Any CPU.ActiveCfg = Release|Any CPU
		{42D78FE6-71F3-48A2-A6E3-47626F44D316}.Release|Any CPU.Build.0 = Release|Any CPU
		{42D78FE6-71F3-48A2-A6E3-47626F44D316}.Release|x64.ActiveCfg = Release|Any CPU
		{42D78FE6-71F3-48A2-A6E3-47626F44D316}.Release|x64.Build.0 = Release|Any CPU
		{42D78FE6-71F3-48A2-A6E3-47626F44D316}.Release|x86.ActiveCfg = Release|Any CPU
		{42D78FE6-71F3-48A2-A6E3-47626F44D316}.Release|x86.Build.0 = Release|Any CPU
		{BC6B4F94-770E-483E-83BF-34FF4515239C}.Debug|Any CPU.ActiveCfg = Debug|Any CPU
		{BC6B4F94-770E-483E-83BF-34FF4515239C}.Debug|Any CPU.Build.0 = Debug|Any CPU
		{BC6B4F94-770E-483E-83BF-34FF4515239C}.Debug|x64.ActiveCfg = Debug|Any CPU
		{BC6B4F94-770E-483E-83BF-34FF4515239C}.Debug|x64.Build.0 = Debug|Any CPU
		{BC6B4F94-770E-483E-83BF-34FF4515239C}.Debug|x86.ActiveCfg = Debug|Any CPU
		{BC6B4F94-770E-483E-83BF-34FF4515239C}.Debug|x86.Build.0 = Debug|Any CPU
		{BC6B4F94-770E-483E-83BF-34FF4515239C}.Release|Any CPU.ActiveCfg = Release|Any CPU
		{BC6B4F94-770E-483E-83BF-34FF4515239C}.Release|Any CPU.Build.0 = Release|Any CPU
		{BC6B4F94-770E-483E-83BF-34FF4515239C}.Release|x64.ActiveCfg = Release|Any CPU
		{BC6B4F94-770E-483E-83BF-34FF4515239C}.Release|x64.Build.0 = Release|Any CPU
		{BC6B4F94-770E-483E-83BF-34FF4515239C}.Release|x86.ActiveCfg = Release|Any CPU
		{BC6B4F94-770E-483E-83BF-34FF4515239C}.Release|x86.Build.0 = Release|Any CPU
		{E383A1BC-29B1-4AB4-A17D-A85EDDBF9311}.Debug|Any CPU.ActiveCfg = Debug|Any CPU
		{E383A1BC-29B1-4AB4-A17D-A85EDDBF9311}.Debug|Any CPU.Build.0 = Debug|Any CPU
		{E383A1BC-29B1-4AB4-A17D-A85EDDBF9311}.Debug|x64.ActiveCfg = Debug|Any CPU
		{E383A1BC-29B1-4AB4-A17D-A85EDDBF9311}.Debug|x64.Build.0 = Debug|Any CPU
		{E383A1BC-29B1-4AB4-A17D-A85EDDBF9311}.Debug|x86.ActiveCfg = Debug|Any CPU
		{E383A1BC-29B1-4AB4-A17D-A85EDDBF9311}.Debug|x86.Build.0 = Debug|Any CPU
		{E383A1BC-29B1-4AB4-A17D-A85EDDBF9311}.Release|Any CPU.ActiveCfg = Release|Any CPU
		{E383A1BC-29B1-4AB4-A17D-A85EDDBF9311}.Release|Any CPU.Build.0 = Release|Any CPU
		{E383A1BC-29B1-4AB4-A17D-A85EDDBF9311}.Release|x64.ActiveCfg = Release|Any CPU
		{E383A1BC-29B1-4AB4-A17D-A85EDDBF9311}.Release|x64.Build.0 = Release|Any CPU
		{E383A1BC-29B1-4AB4-A17D-A85EDDBF9311}.Release|x86.ActiveCfg = Release|Any CPU
		{E383A1BC-29B1-4AB4-A17D-A85EDDBF9311}.Release|x86.Build.0 = Release|Any CPU
		{ED03D4D6-23DA-4C64-89E5-579E0608EC33}.Debug|Any CPU.ActiveCfg = Debug|Any CPU
		{ED03D4D6-23DA-4C64-89E5-579E0608EC33}.Debug|Any CPU.Build.0 = Debug|Any CPU
		{ED03D4D6-23DA-4C64-89E5-579E0608EC33}.Debug|x64.ActiveCfg = Debug|Any CPU
		{ED03D4D6-23DA-4C64-89E5-579E0608EC33}.Debug|x64.Build.0 = Debug|Any CPU
		{ED03D4D6-23DA-4C64-89E5-579E0608EC33}.Debug|x86.ActiveCfg = Debug|Any CPU
		{ED03D4D6-23DA-4C64-89E5-579E0608EC33}.Debug|x86.Build.0 = Debug|Any CPU
		{ED03D4D6-23DA-4C64-89E5-579E0608EC33}.Release|Any CPU.ActiveCfg = Release|Any CPU
		{ED03D4D6-23DA-4C64-89E5-579E0608EC33}.Release|Any CPU.Build.0 = Release|Any CPU
		{ED03D4D6-23DA-4C64-89E5-579E0608EC33}.Release|x64.ActiveCfg = Release|Any CPU
		{ED03D4D6-23DA-4C64-89E5-579E0608EC33}.Release|x64.Build.0 = Release|Any CPU
		{ED03D4D6-23DA-4C64-89E5-579E0608EC33}.Release|x86.ActiveCfg = Release|Any CPU
		{ED03D4D6-23DA-4C64-89E5-579E0608EC33}.Release|x86.Build.0 = Release|Any CPU
		{A4A96917-22BA-4F92-BA81-D90E935D7C83}.Debug|Any CPU.ActiveCfg = Debug|Any CPU
		{A4A96917-22BA-4F92-BA81-D90E935D7C83}.Debug|Any CPU.Build.0 = Debug|Any CPU
		{A4A96917-22BA-4F92-BA81-D90E935D7C83}.Debug|x64.ActiveCfg = Debug|Any CPU
		{A4A96917-22BA-4F92-BA81-D90E935D7C83}.Debug|x64.Build.0 = Debug|Any CPU
		{A4A96917-22BA-4F92-BA81-D90E935D7C83}.Debug|x86.ActiveCfg = Debug|Any CPU
		{A4A96917-22BA-4F92-BA81-D90E935D7C83}.Debug|x86.Build.0 = Debug|Any CPU
		{A4A96917-22BA-4F92-BA81-D90E935D7C83}.Release|Any CPU.ActiveCfg = Release|Any CPU
		{A4A96917-22BA-4F92-BA81-D90E935D7C83}.Release|Any CPU.Build.0 = Release|Any CPU
		{A4A96917-22BA-4F92-BA81-D90E935D7C83}.Release|x64.ActiveCfg = Release|Any CPU
		{A4A96917-22BA-4F92-BA81-D90E935D7C83}.Release|x64.Build.0 = Release|Any CPU
		{A4A96917-22BA-4F92-BA81-D90E935D7C83}.Release|x86.ActiveCfg = Release|Any CPU
		{A4A96917-22BA-4F92-BA81-D90E935D7C83}.Release|x86.Build.0 = Release|Any CPU
		{F2072ED0-2B5E-4401-8BDD-E49DDC2E8AB0}.Debug|Any CPU.ActiveCfg = Debug|Any CPU
		{F2072ED0-2B5E-4401-8BDD-E49DDC2E8AB0}.Debug|Any CPU.Build.0 = Debug|Any CPU
		{F2072ED0-2B5E-4401-8BDD-E49DDC2E8AB0}.Debug|x64.ActiveCfg = Debug|Any CPU
		{F2072ED0-2B5E-4401-8BDD-E49DDC2E8AB0}.Debug|x64.Build.0 = Debug|Any CPU
		{F2072ED0-2B5E-4401-8BDD-E49DDC2E8AB0}.Debug|x86.ActiveCfg = Debug|Any CPU
		{F2072ED0-2B5E-4401-8BDD-E49DDC2E8AB0}.Debug|x86.Build.0 = Debug|Any CPU
		{F2072ED0-2B5E-4401-8BDD-E49DDC2E8AB0}.Release|Any CPU.ActiveCfg = Release|Any CPU
		{F2072ED0-2B5E-4401-8BDD-E49DDC2E8AB0}.Release|Any CPU.Build.0 = Release|Any CPU
		{F2072ED0-2B5E-4401-8BDD-E49DDC2E8AB0}.Release|x64.ActiveCfg = Release|Any CPU
		{F2072ED0-2B5E-4401-8BDD-E49DDC2E8AB0}.Release|x64.Build.0 = Release|Any CPU
		{F2072ED0-2B5E-4401-8BDD-E49DDC2E8AB0}.Release|x86.ActiveCfg = Release|Any CPU
		{F2072ED0-2B5E-4401-8BDD-E49DDC2E8AB0}.Release|x86.Build.0 = Release|Any CPU
		{EF12FC1B-6A5E-40E9-9018-D9FD7848DDAB}.Debug|Any CPU.ActiveCfg = Debug|Any CPU
		{EF12FC1B-6A5E-40E9-9018-D9FD7848DDAB}.Debug|Any CPU.Build.0 = Debug|Any CPU
		{EF12FC1B-6A5E-40E9-9018-D9FD7848DDAB}.Debug|x64.ActiveCfg = Debug|Any CPU
		{EF12FC1B-6A5E-40E9-9018-D9FD7848DDAB}.Debug|x64.Build.0 = Debug|Any CPU
		{EF12FC1B-6A5E-40E9-9018-D9FD7848DDAB}.Debug|x86.ActiveCfg = Debug|Any CPU
		{EF12FC1B-6A5E-40E9-9018-D9FD7848DDAB}.Debug|x86.Build.0 = Debug|Any CPU
		{EF12FC1B-6A5E-40E9-9018-D9FD7848DDAB}.Release|Any CPU.ActiveCfg = Release|Any CPU
		{EF12FC1B-6A5E-40E9-9018-D9FD7848DDAB}.Release|Any CPU.Build.0 = Release|Any CPU
		{EF12FC1B-6A5E-40E9-9018-D9FD7848DDAB}.Release|x64.ActiveCfg = Release|Any CPU
		{EF12FC1B-6A5E-40E9-9018-D9FD7848DDAB}.Release|x64.Build.0 = Release|Any CPU
		{EF12FC1B-6A5E-40E9-9018-D9FD7848DDAB}.Release|x86.ActiveCfg = Release|Any CPU
		{EF12FC1B-6A5E-40E9-9018-D9FD7848DDAB}.Release|x86.Build.0 = Release|Any CPU
		{40C268A6-9CD9-4F1F-9A98-ADD37BCC88F1}.Debug|Any CPU.ActiveCfg = Debug|Any CPU
		{40C268A6-9CD9-4F1F-9A98-ADD37BCC88F1}.Debug|Any CPU.Build.0 = Debug|Any CPU
		{40C268A6-9CD9-4F1F-9A98-ADD37BCC88F1}.Debug|x64.ActiveCfg = Debug|Any CPU
		{40C268A6-9CD9-4F1F-9A98-ADD37BCC88F1}.Debug|x64.Build.0 = Debug|Any CPU
		{40C268A6-9CD9-4F1F-9A98-ADD37BCC88F1}.Debug|x86.ActiveCfg = Debug|Any CPU
		{40C268A6-9CD9-4F1F-9A98-ADD37BCC88F1}.Debug|x86.Build.0 = Debug|Any CPU
		{40C268A6-9CD9-4F1F-9A98-ADD37BCC88F1}.Release|Any CPU.ActiveCfg = Release|Any CPU
		{40C268A6-9CD9-4F1F-9A98-ADD37BCC88F1}.Release|Any CPU.Build.0 = Release|Any CPU
		{40C268A6-9CD9-4F1F-9A98-ADD37BCC88F1}.Release|x64.ActiveCfg = Release|Any CPU
		{40C268A6-9CD9-4F1F-9A98-ADD37BCC88F1}.Release|x64.Build.0 = Release|Any CPU
		{40C268A6-9CD9-4F1F-9A98-ADD37BCC88F1}.Release|x86.ActiveCfg = Release|Any CPU
		{40C268A6-9CD9-4F1F-9A98-ADD37BCC88F1}.Release|x86.Build.0 = Release|Any CPU
		{F10C79F2-D1B8-42C0-B675-7D4CB42E6C11}.Debug|Any CPU.ActiveCfg = Debug|Any CPU
		{F10C79F2-D1B8-42C0-B675-7D4CB42E6C11}.Debug|Any CPU.Build.0 = Debug|Any CPU
		{F10C79F2-D1B8-42C0-B675-7D4CB42E6C11}.Debug|x64.ActiveCfg = Debug|Any CPU
		{F10C79F2-D1B8-42C0-B675-7D4CB42E6C11}.Debug|x64.Build.0 = Debug|Any CPU
		{F10C79F2-D1B8-42C0-B675-7D4CB42E6C11}.Debug|x86.ActiveCfg = Debug|Any CPU
		{F10C79F2-D1B8-42C0-B675-7D4CB42E6C11}.Debug|x86.Build.0 = Debug|Any CPU
		{F10C79F2-D1B8-42C0-B675-7D4CB42E6C11}.Release|Any CPU.ActiveCfg = Release|Any CPU
		{F10C79F2-D1B8-42C0-B675-7D4CB42E6C11}.Release|Any CPU.Build.0 = Release|Any CPU
		{F10C79F2-D1B8-42C0-B675-7D4CB42E6C11}.Release|x64.ActiveCfg = Release|Any CPU
		{F10C79F2-D1B8-42C0-B675-7D4CB42E6C11}.Release|x64.Build.0 = Release|Any CPU
		{F10C79F2-D1B8-42C0-B675-7D4CB42E6C11}.Release|x86.ActiveCfg = Release|Any CPU
		{F10C79F2-D1B8-42C0-B675-7D4CB42E6C11}.Release|x86.Build.0 = Release|Any CPU
		{CE574737-AD0B-4F5A-B31B-419EEB13859C}.Debug|Any CPU.ActiveCfg = Debug|Any CPU
		{CE574737-AD0B-4F5A-B31B-419EEB13859C}.Debug|Any CPU.Build.0 = Debug|Any CPU
		{CE574737-AD0B-4F5A-B31B-419EEB13859C}.Debug|x64.ActiveCfg = Debug|Any CPU
		{CE574737-AD0B-4F5A-B31B-419EEB13859C}.Debug|x64.Build.0 = Debug|Any CPU
		{CE574737-AD0B-4F5A-B31B-419EEB13859C}.Debug|x86.ActiveCfg = Debug|Any CPU
		{CE574737-AD0B-4F5A-B31B-419EEB13859C}.Debug|x86.Build.0 = Debug|Any CPU
		{CE574737-AD0B-4F5A-B31B-419EEB13859C}.Release|Any CPU.ActiveCfg = Release|Any CPU
		{CE574737-AD0B-4F5A-B31B-419EEB13859C}.Release|Any CPU.Build.0 = Release|Any CPU
		{CE574737-AD0B-4F5A-B31B-419EEB13859C}.Release|x64.ActiveCfg = Release|Any CPU
		{CE574737-AD0B-4F5A-B31B-419EEB13859C}.Release|x64.Build.0 = Release|Any CPU
		{CE574737-AD0B-4F5A-B31B-419EEB13859C}.Release|x86.ActiveCfg = Release|Any CPU
		{CE574737-AD0B-4F5A-B31B-419EEB13859C}.Release|x86.Build.0 = Release|Any CPU
	EndGlobalSection
	GlobalSection(SolutionProperties) = preSolution
		HideSolutionNode = FALSE
	EndGlobalSection
	GlobalSection(NestedProjects) = preSolution
		{ABCC4F98-5E29-4137-8826-62140F378F0D} = {02EA681E-C7D8-13C7-8484-4AC65E1B71E8}
		{68819966-7FA8-4459-9BE5-786D59296829} = {02EA681E-C7D8-13C7-8484-4AC65E1B71E8}
		{42D78FE6-71F3-48A2-A6E3-47626F44D316} = {02EA681E-C7D8-13C7-8484-4AC65E1B71E8}
		{BC6B4F94-770E-483E-83BF-34FF4515239C} = {02EA681E-C7D8-13C7-8484-4AC65E1B71E8}
		{E383A1BC-29B1-4AB4-A17D-A85EDDBF9311} = {B4C326F5-245C-418D-B0CB-4587269D264C}
		{ED03D4D6-23DA-4C64-89E5-579E0608EC33} = {3BD9078E-65B3-4320-B3A1-700F2B052165}
		{A4A96917-22BA-4F92-BA81-D90E935D7C83} = {3BD9078E-65B3-4320-B3A1-700F2B052165}
		{F2072ED0-2B5E-4401-8BDD-E49DDC2E8AB0} = {3BD9078E-65B3-4320-B3A1-700F2B052165}
		{EF12FC1B-6A5E-40E9-9018-D9FD7848DDAB} = {3BD9078E-65B3-4320-B3A1-700F2B052165}
		{40C268A6-9CD9-4F1F-9A98-ADD37BCC88F1} = {30C33B38-7ED3-4BD9-A537-0B9BF62D1962}
		{F10C79F2-D1B8-42C0-B675-7D4CB42E6C11} = {FDFE7332-6C82-4ACF-BE01-A20F6ED04318}
		{CE574737-AD0B-4F5A-B31B-419EEB13859C} = {61097173-D97F-448B-BB27-F404BD26454F}
	EndGlobalSection
	GlobalSection(ExtensibilityGlobals) = postSolution
		SolutionGuid = {94DBB39C-875C-4BBF-8450-D0A48F30CC70}
	EndGlobalSection
EndGlobal
